
Microsoft Visual Studio Solution File, Format Version 12.00
# Visual Studio 11
Project("{FAE04EC0-301F-11D3-BF4B-00C04F79EFBC}") = "Digillect (NET45)", "src\Digillect\Digillect (NET45).csproj", "{6A0D13DA-0078-46EB-99AC-6B62C4FC136B}"
EndProject
Project("{FAE04EC0-301F-11D3-BF4B-00C04F79EFBC}") = "Digillect (WinRT)", "src\Digillect\Digillect (WinRT).csproj", "{F213AEB9-82D4-43CB-BAB1-C929DB11E717}"
EndProject
Global
	GlobalSection(SolutionConfigurationPlatforms) = preSolution
		Debug|Any CPU = Debug|Any CPU
		Release|Any CPU = Release|Any CPU
	EndGlobalSection
	GlobalSection(ProjectConfigurationPlatforms) = postSolution
		{6A0D13DA-0078-46EB-99AC-6B62C4FC136B}.Debug|Any CPU.ActiveCfg = Debug|Any CPU
		{6A0D13DA-0078-46EB-99AC-6B62C4FC136B}.Debug|Any CPU.Build.0 = Debug|Any CPU
		{6A0D13DA-0078-46EB-99AC-6B62C4FC136B}.Release|Any CPU.ActiveCfg = Release|Any CPU
		{6A0D13DA-0078-46EB-99AC-6B62C4FC136B}.Release|Any CPU.Build.0 = Release|Any CPU
		{F213AEB9-82D4-43CB-BAB1-C929DB11E717}.Debug|Any CPU.ActiveCfg = Debug|Any CPU
		{F213AEB9-82D4-43CB-BAB1-C929DB11E717}.Debug|Any CPU.Build.0 = Debug|Any CPU
		{F213AEB9-82D4-43CB-BAB1-C929DB11E717}.Release|Any CPU.ActiveCfg = Release|Any CPU
		{F213AEB9-82D4-43CB-BAB1-C929DB11E717}.Release|Any CPU.Build.0 = Release|Any CPU
	EndGlobalSection
	GlobalSection(SolutionProperties) = preSolution
		HideSolutionNode = FALSE
	EndGlobalSection
EndGlobal
