
Microsoft Visual Studio Solution File, Format Version 12.00
# Visual Studio 2012
Project("{FAE04EC0-301F-11D3-BF4B-00C04F79EFBC}") = "Digillect.ObjectModel (wp71)", "src\Digillect.ObjectModel\Digillect.ObjectModel (wp71).csproj", "{173D9764-D139-4319-9532-4332C58F96C7}"
EndProject
Project("{FAE04EC0-301F-11D3-BF4B-00C04F79EFBC}") = "Digillect.ObjectModel (net40)", "src\Digillect.ObjectModel\Digillect.ObjectModel (net40).csproj", "{F3F1B6B4-8771-4B81-93DC-C0F1DD68D9E0}"
EndProject
Project("{FAE04EC0-301F-11D3-BF4B-00C04F79EFBC}") = "Digillect.ObjectModel (sl4)", "src\Digillect.ObjectModel\Digillect.ObjectModel (sl4).csproj", "{8CE98474-DFA3-42FA-AE2F-991F52A75977}"
EndProject
Project("{FAE04EC0-301F-11D3-BF4B-00C04F79EFBC}") = "Digillect.ObjectModel", "src\Digillect.ObjectModel\Digillect.ObjectModel.csproj", "{69480627-02F5-45E9-9107-90F2AB917374}"
EndProject
Project("{FAE04EC0-301F-11D3-BF4B-00C04F79EFBC}") = "Digillect.ObjectModel.Tests", "src\Digillect.ObjectModel.Tests\Digillect.ObjectModel.Tests.csproj", "{ABDC1825-8F24-4A80-87F3-F30A59F76BAF}"
EndProject
Global
	GlobalSection(SolutionConfigurationPlatforms) = preSolution
		CodeAnalysis|Any CPU = CodeAnalysis|Any CPU
		Debug|Any CPU = Debug|Any CPU
		Release|Any CPU = Release|Any CPU
	EndGlobalSection
	GlobalSection(ProjectConfigurationPlatforms) = postSolution
		{173D9764-D139-4319-9532-4332C58F96C7}.CodeAnalysis|Any CPU.ActiveCfg = CodeAnalysis|Any CPU
		{173D9764-D139-4319-9532-4332C58F96C7}.CodeAnalysis|Any CPU.Build.0 = CodeAnalysis|Any CPU
		{173D9764-D139-4319-9532-4332C58F96C7}.Debug|Any CPU.ActiveCfg = Debug|Any CPU
		{173D9764-D139-4319-9532-4332C58F96C7}.Debug|Any CPU.Build.0 = Debug|Any CPU
		{173D9764-D139-4319-9532-4332C58F96C7}.Release|Any CPU.ActiveCfg = Release|Any CPU
		{173D9764-D139-4319-9532-4332C58F96C7}.Release|Any CPU.Build.0 = Release|Any CPU
		{F3F1B6B4-8771-4B81-93DC-C0F1DD68D9E0}.CodeAnalysis|Any CPU.ActiveCfg = CodeAnalysis|Any CPU
		{F3F1B6B4-8771-4B81-93DC-C0F1DD68D9E0}.CodeAnalysis|Any CPU.Build.0 = CodeAnalysis|Any CPU
		{F3F1B6B4-8771-4B81-93DC-C0F1DD68D9E0}.Debug|Any CPU.ActiveCfg = Debug|Any CPU
		{F3F1B6B4-8771-4B81-93DC-C0F1DD68D9E0}.Debug|Any CPU.Build.0 = Debug|Any CPU
		{F3F1B6B4-8771-4B81-93DC-C0F1DD68D9E0}.Release|Any CPU.ActiveCfg = Release|Any CPU
		{F3F1B6B4-8771-4B81-93DC-C0F1DD68D9E0}.Release|Any CPU.Build.0 = Release|Any CPU
		{8CE98474-DFA3-42FA-AE2F-991F52A75977}.CodeAnalysis|Any CPU.ActiveCfg = CodeAnalysis|Any CPU
		{8CE98474-DFA3-42FA-AE2F-991F52A75977}.CodeAnalysis|Any CPU.Build.0 = CodeAnalysis|Any CPU
		{8CE98474-DFA3-42FA-AE2F-991F52A75977}.Debug|Any CPU.ActiveCfg = Debug|Any CPU
		{8CE98474-DFA3-42FA-AE2F-991F52A75977}.Debug|Any CPU.Build.0 = Debug|Any CPU
		{8CE98474-DFA3-42FA-AE2F-991F52A75977}.Release|Any CPU.ActiveCfg = Release|Any CPU
		{8CE98474-DFA3-42FA-AE2F-991F52A75977}.Release|Any CPU.Build.0 = Release|Any CPU
		{69480627-02F5-45E9-9107-90F2AB917374}.CodeAnalysis|Any CPU.ActiveCfg = CodeAnalysis|Any CPU
		{69480627-02F5-45E9-9107-90F2AB917374}.CodeAnalysis|Any CPU.Build.0 = CodeAnalysis|Any CPU
		{69480627-02F5-45E9-9107-90F2AB917374}.Debug|Any CPU.ActiveCfg = Debug|Any CPU
		{69480627-02F5-45E9-9107-90F2AB917374}.Debug|Any CPU.Build.0 = Debug|Any CPU
		{69480627-02F5-45E9-9107-90F2AB917374}.Release|Any CPU.ActiveCfg = Release|Any CPU
		{69480627-02F5-45E9-9107-90F2AB917374}.Release|Any CPU.Build.0 = Release|Any CPU
		{ABDC1825-8F24-4A80-87F3-F30A59F76BAF}.CodeAnalysis|Any CPU.ActiveCfg = Debug|Any CPU
		{ABDC1825-8F24-4A80-87F3-F30A59F76BAF}.Debug|Any CPU.ActiveCfg = Debug|Any CPU
		{ABDC1825-8F24-4A80-87F3-F30A59F76BAF}.Debug|Any CPU.Build.0 = Debug|Any CPU
		{ABDC1825-8F24-4A80-87F3-F30A59F76BAF}.Release|Any CPU.ActiveCfg = Release|Any CPU
		{ABDC1825-8F24-4A80-87F3-F30A59F76BAF}.Release|Any CPU.Build.0 = Release|Any CPU
	EndGlobalSection
	GlobalSection(SolutionProperties) = preSolution
		HideSolutionNode = FALSE
	EndGlobalSection
EndGlobal
